// !$*UTF8*$!
{
	archiveVersion = 1;
	classes = {
	};
	objectVersion = 48;
	objects = {

/* Begin PBXBuildFile section */
		133353DB1FE7F5FE001F7E09 /* AppDelegate.swift in Sources */ = {isa = PBXBuildFile; fileRef = 133353DA1FE7F5FE001F7E09 /* AppDelegate.swift */; };
		133353DD1FE7F5FE001F7E09 /* ViewController.swift in Sources */ = {isa = PBXBuildFile; fileRef = 133353DC1FE7F5FE001F7E09 /* ViewController.swift */; };
		133353E01FE7F5FE001F7E09 /* Main.storyboard in Resources */ = {isa = PBXBuildFile; fileRef = 133353DE1FE7F5FE001F7E09 /* Main.storyboard */; };
		133353E21FE7F5FE001F7E09 /* Assets.xcassets in Resources */ = {isa = PBXBuildFile; fileRef = 133353E11FE7F5FE001F7E09 /* Assets.xcassets */; };
		133353E51FE7F5FE001F7E09 /* LaunchScreen.storyboard in Resources */ = {isa = PBXBuildFile; fileRef = 133353E31FE7F5FE001F7E09 /* LaunchScreen.storyboard */; };
		133353F01FE7F5FE001F7E09 /* UnitTestsTests.swift in Sources */ = {isa = PBXBuildFile; fileRef = 133353EF1FE7F5FE001F7E09 /* UnitTestsTests.swift */; };
		133353FB1FE7FA64001F7E09 /* Calculate.swift in Sources */ = {isa = PBXBuildFile; fileRef = 133353FA1FE7FA64001F7E09 /* Calculate.swift */; };
/* End PBXBuildFile section */

/* Begin PBXContainerItemProxy section */
		133353EC1FE7F5FE001F7E09 /* PBXContainerItemProxy */ = {
			isa = PBXContainerItemProxy;
			containerPortal = 133353CF1FE7F5FD001F7E09 /* Project object */;
			proxyType = 1;
			remoteGlobalIDString = 133353D61FE7F5FD001F7E09;
			remoteInfo = UnitTests;
		};
/* End PBXContainerItemProxy section */

/* Begin PBXFileReference section */
		133353D71FE7F5FD001F7E09 /* UnitTests.app */ = {isa = PBXFileReference; explicitFileType = wrapper.application; includeInIndex = 0; path = UnitTests.app; sourceTree = BUILT_PRODUCTS_DIR; };
		133353DA1FE7F5FE001F7E09 /* AppDelegate.swift */ = {isa = PBXFileReference; lastKnownFileType = sourcecode.swift; path = AppDelegate.swift; sourceTree = "<group>"; };
		133353DC1FE7F5FE001F7E09 /* ViewController.swift */ = {isa = PBXFileReference; lastKnownFileType = sourcecode.swift; path = ViewController.swift; sourceTree = "<group>"; };
		133353DF1FE7F5FE001F7E09 /* Base */ = {isa = PBXFileReference; lastKnownFileType = file.storyboard; name = Base; path = Base.lproj/Main.storyboard; sourceTree = "<group>"; };
		133353E11FE7F5FE001F7E09 /* Assets.xcassets */ = {isa = PBXFileReference; lastKnownFileType = folder.assetcatalog; path = Assets.xcassets; sourceTree = "<group>"; };
		133353E41FE7F5FE001F7E09 /* Base */ = {isa = PBXFileReference; lastKnownFileType = file.storyboard; name = Base; path = Base.lproj/LaunchScreen.storyboard; sourceTree = "<group>"; };
		133353E61FE7F5FE001F7E09 /* Info.plist */ = {isa = PBXFileReference; lastKnownFileType = text.plist.xml; path = Info.plist; sourceTree = "<group>"; };
		133353EB1FE7F5FE001F7E09 /* UnitTestsTests.xctest */ = {isa = PBXFileReference; explicitFileType = wrapper.cfbundle; includeInIndex = 0; path = UnitTestsTests.xctest; sourceTree = BUILT_PRODUCTS_DIR; };
		133353EF1FE7F5FE001F7E09 /* UnitTestsTests.swift */ = {isa = PBXFileReference; lastKnownFileType = sourcecode.swift; path = UnitTestsTests.swift; sourceTree = "<group>"; };
		133353F11FE7F5FE001F7E09 /* Info.plist */ = {isa = PBXFileReference; lastKnownFileType = text.plist.xml; path = Info.plist; sourceTree = "<group>"; };
		133353FA1FE7FA64001F7E09 /* Calculate.swift */ = {isa = PBXFileReference; lastKnownFileType = sourcecode.swift; path = Calculate.swift; sourceTree = "<group>"; };
/* End PBXFileReference section */

/* Begin PBXFrameworksBuildPhase section */
		133353D41FE7F5FD001F7E09 /* Frameworks */ = {
			isa = PBXFrameworksBuildPhase;
			buildActionMask = 2147483647;
			files = (
			);
			runOnlyForDeploymentPostprocessing = 0;
		};
		133353E81FE7F5FE001F7E09 /* Frameworks */ = {
			isa = PBXFrameworksBuildPhase;
			buildActionMask = 2147483647;
			files = (
			);
			runOnlyForDeploymentPostprocessing = 0;
		};
/* End PBXFrameworksBuildPhase section */

/* Begin PBXGroup section */
		133353CE1FE7F5FD001F7E09 = {
			isa = PBXGroup;
			children = (
				133353D91FE7F5FD001F7E09 /* UnitTests */,
				133353EE1FE7F5FE001F7E09 /* UnitTestsTests */,
				133353D81FE7F5FD001F7E09 /* Products */,
			);
			sourceTree = "<group>";
		};
		133353D81FE7F5FD001F7E09 /* Products */ = {
			isa = PBXGroup;
			children = (
				133353D71FE7F5FD001F7E09 /* UnitTests.app */,
				133353EB1FE7F5FE001F7E09 /* UnitTestsTests.xctest */,
			);
			name = Products;
			sourceTree = "<group>";
		};
		133353D91FE7F5FD001F7E09 /* UnitTests */ = {
			isa = PBXGroup;
			children = (
				133353DA1FE7F5FE001F7E09 /* AppDelegate.swift */,
				133353DC1FE7F5FE001F7E09 /* ViewController.swift */,
				133353DE1FE7F5FE001F7E09 /* Main.storyboard */,
				133353E11FE7F5FE001F7E09 /* Assets.xcassets */,
				133353E31FE7F5FE001F7E09 /* LaunchScreen.storyboard */,
				133353E61FE7F5FE001F7E09 /* Info.plist */,
				133353FA1FE7FA64001F7E09 /* Calculate.swift */,
			);
			path = UnitTests;
			sourceTree = "<group>";
		};
		133353EE1FE7F5FE001F7E09 /* UnitTestsTests */ = {
			isa = PBXGroup;
			children = (
				133353EF1FE7F5FE001F7E09 /* UnitTestsTests.swift */,
				133353F11FE7F5FE001F7E09 /* Info.plist */,
			);
			path = UnitTestsTests;
			sourceTree = "<group>";
		};
/* End PBXGroup section */

/* Begin PBXNativeTarget section */
		133353D61FE7F5FD001F7E09 /* UnitTests */ = {
			isa = PBXNativeTarget;
			buildConfigurationList = 133353F41FE7F5FE001F7E09 /* Build configuration list for PBXNativeTarget "UnitTests" */;
			buildPhases = (
				133353D31FE7F5FD001F7E09 /* Sources */,
				133353D41FE7F5FD001F7E09 /* Frameworks */,
				133353D51FE7F5FD001F7E09 /* Resources */,
			);
			buildRules = (
			);
			dependencies = (
			);
			name = UnitTests;
			productName = UnitTests;
			productReference = 133353D71FE7F5FD001F7E09 /* UnitTests.app */;
			productType = "com.apple.product-type.application";
		};
		133353EA1FE7F5FE001F7E09 /* UnitTestsTests */ = {
			isa = PBXNativeTarget;
			buildConfigurationList = 133353F71FE7F5FE001F7E09 /* Build configuration list for PBXNativeTarget "UnitTestsTests" */;
			buildPhases = (
				133353E71FE7F5FE001F7E09 /* Sources */,
				133353E81FE7F5FE001F7E09 /* Frameworks */,
				133353E91FE7F5FE001F7E09 /* Resources */,
			);
			buildRules = (
			);
			dependencies = (
				133353ED1FE7F5FE001F7E09 /* PBXTargetDependency */,
			);
			name = UnitTestsTests;
			productName = UnitTestsTests;
			productReference = 133353EB1FE7F5FE001F7E09 /* UnitTestsTests.xctest */;
			productType = "com.apple.product-type.bundle.unit-test";
		};
/* End PBXNativeTarget section */

/* Begin PBXProject section */
		133353CF1FE7F5FD001F7E09 /* Project object */ = {
			isa = PBXProject;
			attributes = {
				LastSwiftUpdateCheck = 0920;
				LastUpgradeCheck = 0920;
				ORGANIZATIONNAME = "Colin van der Geld";
				TargetAttributes = {
					133353D61FE7F5FD001F7E09 = {
						CreatedOnToolsVersion = 9.2;
						ProvisioningStyle = Automatic;
					};
					133353EA1FE7F5FE001F7E09 = {
						CreatedOnToolsVersion = 9.2;
						ProvisioningStyle = Automatic;
						TestTargetID = 133353D61FE7F5FD001F7E09;
					};
				};
			};
			buildConfigurationList = 133353D21FE7F5FD001F7E09 /* Build configuration list for PBXProject "UnitTests" */;
			compatibilityVersion = "Xcode 8.0";
			developmentRegion = en;
			hasScannedForEncodings = 0;
			knownRegions = (
				en,
				Base,
			);
			mainGroup = 133353CE1FE7F5FD001F7E09;
			productRefGroup = 133353D81FE7F5FD001F7E09 /* Products */;
			projectDirPath = "";
			projectRoot = "";
			targets = (
				133353D61FE7F5FD001F7E09 /* UnitTests */,
				133353EA1FE7F5FE001F7E09 /* UnitTestsTests */,
			);
		};
/* End PBXProject section */

/* Begin PBXResourcesBuildPhase section */
		133353D51FE7F5FD001F7E09 /* Resources */ = {
			isa = PBXResourcesBuildPhase;
			buildActionMask = 2147483647;
			files = (
				133353E51FE7F5FE001F7E09 /* LaunchScreen.storyboard in Resources */,
				133353E21FE7F5FE001F7E09 /* Assets.xcassets in Resources */,
				133353E01FE7F5FE001F7E09 /* Main.storyboard in Resources */,
			);
			runOnlyForDeploymentPostprocessing = 0;
		};
		133353E91FE7F5FE001F7E09 /* Resources */ = {
			isa = PBXResourcesBuildPhase;
			buildActionMask = 2147483647;
			files = (
			);
			runOnlyForDeploymentPostprocessing = 0;
		};
/* End PBXResourcesBuildPhase section */

/* Begin PBXSourcesBuildPhase section */
		133353D31FE7F5FD001F7E09 /* Sources */ = {
			isa = PBXSourcesBuildPhase;
			buildActionMask = 2147483647;
			files = (
				133353FB1FE7FA64001F7E09 /* Calculate.swift in Sources */,
				133353DD1FE7F5FE001F7E09 /* ViewController.swift in Sources */,
				133353DB1FE7F5FE001F7E09 /* AppDelegate.swift in Sources */,
			);
			runOnlyForDeploymentPostprocessing = 0;
		};
		133353E71FE7F5FE001F7E09 /* Sources */ = {
			isa = PBXSourcesBuildPhase;
			buildActionMask = 2147483647;
			files = (
				133353F01FE7F5FE001F7E09 /* UnitTestsTests.swift in Sources */,
			);
			runOnlyForDeploymentPostprocessing = 0;
		};
/* End PBXSourcesBuildPhase section */

/* Begin PBXTargetDependency section */
		133353ED1FE7F5FE001F7E09 /* PBXTargetDependency */ = {
			isa = PBXTargetDependency;
			target = 133353D61FE7F5FD001F7E09 /* UnitTests */;
			targetProxy = 133353EC1FE7F5FE001F7E09 /* PBXContainerItemProxy */;
		};
/* End PBXTargetDependency section */

/* Begin PBXVariantGroup section */
		133353DE1FE7F5FE001F7E09 /* Main.storyboard */ = {
			isa = PBXVariantGroup;
			children = (
				133353DF1FE7F5FE001F7E09 /* Base */,
			);
			name = Main.storyboard;
			sourceTree = "<group>";
		};
		133353E31FE7F5FE001F7E09 /* LaunchScreen.storyboard */ = {
			isa = PBXVariantGroup;
			children = (
				133353E41FE7F5FE001F7E09 /* Base */,
			);
			name = LaunchScreen.storyboard;
			sourceTree = "<group>";
		};
/* End PBXVariantGroup section */

/* Begin XCBuildConfiguration section */
		133353F21FE7F5FE001F7E09 /* Debug */ = {
			isa = XCBuildConfiguration;
			buildSettings = {
				ALWAYS_SEARCH_USER_PATHS = NO;
				CLANG_ANALYZER_NONNULL = YES;
				CLANG_ANALYZER_NUMBER_OBJECT_CONVERSION = YES_AGGRESSIVE;
				CLANG_CXX_LANGUAGE_STANDARD = "gnu++14";
				CLANG_CXX_LIBRARY = "libc++";
				CLANG_ENABLE_MODULES = YES;
				CLANG_ENABLE_OBJC_ARC = YES;
				CLANG_WARN_BLOCK_CAPTURE_AUTORELEASING = YES;
				CLANG_WARN_BOOL_CONVERSION = YES;
				CLANG_WARN_COMMA = YES;
				CLANG_WARN_CONSTANT_CONVERSION = YES;
				CLANG_WARN_DIRECT_OBJC_ISA_USAGE = YES_ERROR;
				CLANG_WARN_DOCUMENTATION_COMMENTS = YES;
				CLANG_WARN_EMPTY_BODY = YES;
				CLANG_WARN_ENUM_CONVERSION = YES;
				CLANG_WARN_INFINITE_RECURSION = YES;
				CLANG_WARN_INT_CONVERSION = YES;
				CLANG_WARN_NON_LITERAL_NULL_CONVERSION = YES;
				CLANG_WARN_OBJC_LITERAL_CONVERSION = YES;
				CLANG_WARN_OBJC_ROOT_CLASS = YES_ERROR;
				CLANG_WARN_RANGE_LOOP_ANALYSIS = YES;
				CLANG_WARN_STRICT_PROTOTYPES = YES;
				CLANG_WARN_SUSPICIOUS_MOVE = YES;
				CLANG_WARN_UNGUARDED_AVAILABILITY = YES_AGGRESSIVE;
				CLANG_WARN_UNREACHABLE_CODE = YES;
				CLANG_WARN__DUPLICATE_METHOD_MATCH = YES;
				CODE_SIGN_IDENTITY = "iPhone Developer";
				COPY_PHASE_STRIP = NO;
				DEBUG_INFORMATION_FORMAT = dwarf;
				ENABLE_STRICT_OBJC_MSGSEND = YES;
				ENABLE_TESTABILITY = YES;
				GCC_C_LANGUAGE_STANDARD = gnu11;
				GCC_DYNAMIC_NO_PIC = NO;
				GCC_NO_COMMON_BLOCKS = YES;
				GCC_OPTIMIZATION_LEVEL = 0;
				GCC_PREPROCESSOR_DEFINITIONS = (
					"DEBUG=1",
					"$(inherited)",
				);
				GCC_WARN_64_TO_32_BIT_CONVERSION = YES;
				GCC_WARN_ABOUT_RETURN_TYPE = YES_ERROR;
				GCC_WARN_UNDECLARED_SELECTOR = YES;
				GCC_WARN_UNINITIALIZED_AUTOS = YES_AGGRESSIVE;
				GCC_WARN_UNUSED_FUNCTION = YES;
				GCC_WARN_UNUSED_VARIABLE = YES;
				IPHONEOS_DEPLOYMENT_TARGET = 11.2;
				MTL_ENABLE_DEBUG_INFO = YES;
				ONLY_ACTIVE_ARCH = YES;
				SDKROOT = iphoneos;
				SWIFT_ACTIVE_COMPILATION_CONDITIONS = DEBUG;
				SWIFT_OPTIMIZATION_LEVEL = "-Onone";
			};
			name = Debug;
		};
		133353F31FE7F5FE001F7E09 /* Release */ = {
			isa = XCBuildConfiguration;
			buildSettings = {
				ALWAYS_SEARCH_USER_PATHS = NO;
				CLANG_ANALYZER_NONNULL = YES;
				CLANG_ANALYZER_NUMBER_OBJECT_CONVERSION = YES_AGGRESSIVE;
				CLANG_CXX_LANGUAGE_STANDARD = "gnu++14";
				CLANG_CXX_LIBRARY = "libc++";
				CLANG_ENABLE_MODULES = YES;
				CLANG_ENABLE_OBJC_ARC = YES;
				CLANG_WARN_BLOCK_CAPTURE_AUTORELEASING = YES;
				CLANG_WARN_BOOL_CONVERSION = YES;
				CLANG_WARN_COMMA = YES;
				CLANG_WARN_CONSTANT_CONVERSION = YES;
				CLANG_WARN_DIRECT_OBJC_ISA_USAGE = YES_ERROR;
				CLANG_WARN_DOCUMENTATION_COMMENTS = YES;
				CLANG_WARN_EMPTY_BODY = YES;
				CLANG_WARN_ENUM_CONVERSION = YES;
				CLANG_WARN_INFINITE_RECURSION = YES;
				CLANG_WARN_INT_CONVERSION = YES;
				CLANG_WARN_NON_LITERAL_NULL_CONVERSION = YES;
				CLANG_WARN_OBJC_LITERAL_CONVERSION = YES;
				CLANG_WARN_OBJC_ROOT_CLASS = YES_ERROR;
				CLANG_WARN_RANGE_LOOP_ANALYSIS = YES;
				CLANG_WARN_STRICT_PROTOTYPES = YES;
				CLANG_WARN_SUSPICIOUS_MOVE = YES;
				CLANG_WARN_UNGUARDED_AVAILABILITY = YES_AGGRESSIVE;
				CLANG_WARN_UNREACHABLE_CODE = YES;
				CLANG_WARN__DUPLICATE_METHOD_MATCH = YES;
				CODE_SIGN_IDENTITY = "iPhone Developer";
				COPY_PHASE_STRIP = NO;
				DEBUG_INFORMATION_FORMAT = "dwarf-with-dsym";
				ENABLE_NS_ASSERTIONS = NO;
				ENABLE_STRICT_OBJC_MSGSEND = YES;
				GCC_C_LANGUAGE_STANDARD = gnu11;
				GCC_NO_COMMON_BLOCKS = YES;
				GCC_WARN_64_TO_32_BIT_CONVERSION = YES;
				GCC_WARN_ABOUT_RETURN_TYPE = YES_ERROR;
				GCC_WARN_UNDECLARED_SELECTOR = YES;
				GCC_WARN_UNINITIALIZED_AUTOS = YES_AGGRESSIVE;
				GCC_WARN_UNUSED_FUNCTION = YES;
				GCC_WARN_UNUSED_VARIABLE = YES;
				IPHONEOS_DEPLOYMENT_TARGET = 11.2;
				MTL_ENABLE_DEBUG_INFO = NO;
				SDKROOT = iphoneos;
				SWIFT_OPTIMIZATION_LEVEL = "-Owholemodule";
				VALIDATE_PRODUCT = YES;
			};
			name = Release;
		};
		133353F51FE7F5FE001F7E09 /* Debug */ = {
			isa = XCBuildConfiguration;
			buildSettings = {
				ASSETCATALOG_COMPILER_APPICON_NAME = AppIcon;
				CODE_SIGN_STYLE = Automatic;
				DEVELOPMENT_TEAM = 463H8F6L6F;
				INFOPLIST_FILE = UnitTests/Info.plist;
				IPHONEOS_DEPLOYMENT_TARGET = 11.1;
				LD_RUNPATH_SEARCH_PATHS = "$(inherited) @executable_path/Frameworks";
				PRODUCT_BUNDLE_IDENTIFIER = com.colinvandergeld.UnitTests;
				PRODUCT_NAME = "$(TARGET_NAME)";
				SWIFT_VERSION = 4.0;
				TARGETED_DEVICE_FAMILY = "1,2";
			};
			name = Debug;
		};
		133353F61FE7F5FE001F7E09 /* Release */ = {
			isa = XCBuildConfiguration;
			buildSettings = {
				ASSETCATALOG_COMPILER_APPICON_NAME = AppIcon;
				CODE_SIGN_STYLE = Automatic;
				DEVELOPMENT_TEAM = 463H8F6L6F;
				INFOPLIST_FILE = UnitTests/Info.plist;
				IPHONEOS_DEPLOYMENT_TARGET = 11.1;
				LD_RUNPATH_SEARCH_PATHS = "$(inherited) @executable_path/Frameworks";
				PRODUCT_BUNDLE_IDENTIFIER = com.colinvandergeld.UnitTests;
				PRODUCT_NAME = "$(TARGET_NAME)";
				SWIFT_VERSION = 4.0;
				TARGETED_DEVICE_FAMILY = "1,2";
			};
			name = Release;
		};
		133353F81FE7F5FE001F7E09 /* Debug */ = {
			isa = XCBuildConfiguration;
			buildSettings = {
				ALWAYS_EMBED_SWIFT_STANDARD_LIBRARIES = YES;
				BUNDLE_LOADER = "$(TEST_HOST)";
				CODE_SIGN_STYLE = Automatic;
				DEVELOPMENT_TEAM = 463H8F6L6F;
				INFOPLIST_FILE = UnitTestsTests/Info.plist;
				LD_RUNPATH_SEARCH_PATHS = "$(inherited) @executable_path/Frameworks @loader_path/Frameworks";
				PRODUCT_BUNDLE_IDENTIFIER = com.colinvandergeld.UnitTestsTests;
				PRODUCT_NAME = "$(TARGET_NAME)";
				SWIFT_VERSION = 4.0;
				TARGETED_DEVICE_FAMILY = "1,2";
				TEST_HOST = "$(BUILT_PRODUCTS_DIR)/UnitTests.app/UnitTests";
			};
			name = Debug;
		};
		133353F91FE7F5FE001F7E09 /* Release */ = {
			isa = XCBuildConfiguration;
			buildSettings = {
				ALWAYS_EMBED_SWIFT_STANDARD_LIBRARIES = YES;
				BUNDLE_LOADER = "$(TEST_HOST)";
				CODE_SIGN_STYLE = Automatic;
				DEVELOPMENT_TEAM = 463H8F6L6F;
				INFOPLIST_FILE = UnitTestsTests/Info.plist;
				LD_RUNPATH_SEARCH_PATHS = "$(inherited) @executable_path/Frameworks @loader_path/Frameworks";
				PRODUCT_BUNDLE_IDENTIFIER = com.colinvandergeld.UnitTestsTests;
				PRODUCT_NAME = "$(TARGET_NAME)";
				SWIFT_VERSION = 4.0;
				TARGETED_DEVICE_FAMILY = "1,2";
				TEST_HOST = "$(BUILT_PRODUCTS_DIR)/UnitTests.app/UnitTests";
			};
			name = Release;
		};
/* End XCBuildConfiguration section */

/* Begin XCConfigurationList section */
		133353D21FE7F5FD001F7E09 /* Build configuration list for PBXProject "UnitTests" */ = {
			isa = XCConfigurationList;
			buildConfigurations = (
				133353F21FE7F5FE001F7E09 /* Debug */,
				133353F31FE7F5FE001F7E09 /* Release */,
			);
			defaultConfigurationIsVisible = 0;
			defaultConfigurationName = Release;
		};
		133353F41FE7F5FE001F7E09 /* Build configuration list for PBXNativeTarget "UnitTests" */ = {
			isa = XCConfigurationList;
			buildConfigurations = (
				133353F51FE7F5FE001F7E09 /* Debug */,
				133353F61FE7F5FE001F7E09 /* Release */,
			);
			defaultConfigurationIsVisible = 0;
			defaultConfigurationName = Release;
		};
		133353F71FE7F5FE001F7E09 /* Build configuration list for PBXNativeTarget "UnitTestsTests" */ = {
			isa = XCConfigurationList;
			buildConfigurations = (
				133353F81FE7F5FE001F7E09 /* Debug */,
				133353F91FE7F5FE001F7E09 /* Release */,
			);
			defaultConfigurationIsVisible = 0;
			defaultConfigurationName = Release;
		};
/* End XCConfigurationList section */
	};
	rootObject = 133353CF1FE7F5FD001F7E09 /* Project object */;
}
