
Microsoft Visual Studio Solution File, Format Version 12.00
# Visual Studio 15
VisualStudioVersion = 15.0.27004.2010
MinimumVisualStudioVersion = 10.0.40219.1
Project("{F184B08F-C81C-45F6-A57F-5ABD9991F28F}") = "ConsoleApp1", "ConsoleApp1\ConsoleApp1.vbproj", "{B801D7FC-CC20-4619-8015-8C2A3E942707}"
EndProject
Global
	GlobalSection(SolutionConfigurationPlatforms) = preSolution
		Debug|Any CPU = Debug|Any CPU
		Release|Any CPU = Release|Any CPU
	EndGlobalSection
	GlobalSection(ProjectConfigurationPlatforms) = postSolution
		{B801D7FC-CC20-4619-8015-8C2A3E942707}.Debug|Any CPU.ActiveCfg = Debug|Any CPU
		{B801D7FC-CC20-4619-8015-8C2A3E942707}.Debug|Any CPU.Build.0 = Debug|Any CPU
		{B801D7FC-CC20-4619-8015-8C2A3E942707}.Release|Any CPU.ActiveCfg = Release|Any CPU
		{B801D7FC-CC20-4619-8015-8C2A3E942707}.Release|Any CPU.Build.0 = Release|Any CPU
	EndGlobalSection
	GlobalSection(SolutionProperties) = preSolution
		HideSolutionNode = FALSE
	EndGlobalSection
	GlobalSection(ExtensibilityGlobals) = postSolution
		SolutionGuid = {A791CE90-81E1-45C9-84ED-B4DCAA4D7C0A}
	EndGlobalSection
EndGlobal
